
Microsoft Visual Studio Solution File, Format Version 11.00
# Visual Studio 2010
Project("{FAE04EC0-301F-11D3-BF4B-00C04F79EFBC}") = "Assembly-CSharp", "Assembly-CSharp.csproj", "{cab487a6-5c40-1aa2-e5fe-47c358df860e}"
EndProject
Project("{FAE04EC0-301F-11D3-BF4B-00C04F79EFBC}") = "Wx", "Wx.csproj", "{359b837a-151b-b80f-8b0b-fe7939ee5778}"
EndProject
Project("{FAE04EC0-301F-11D3-BF4B-00C04F79EFBC}") = "WxEditor", "WxEditor.csproj", "{a1a50a01-5c85-7291-f020-0fd15c7a7a90}"
EndProject
Global
	GlobalSection(SolutionConfigurationPlatforms) = preSolution
		Debug|Any CPU = Debug|Any CPU
	EndGlobalSection
	GlobalSection(ProjectConfigurationPlatforms) = postSolution
		{cab487a6-5c40-1aa2-e5fe-47c358df860e}.Debug|Any CPU.ActiveCfg = Debug|Any CPU
		{cab487a6-5c40-1aa2-e5fe-47c358df860e}.Debug|Any CPU.Build.0 = Debug|Any CPU
		{359b837a-151b-b80f-8b0b-fe7939ee5778}.Debug|Any CPU.ActiveCfg = Debug|Any CPU
		{359b837a-151b-b80f-8b0b-fe7939ee5778}.Debug|Any CPU.Build.0 = Debug|Any CPU
		{a1a50a01-5c85-7291-f020-0fd15c7a7a90}.Debug|Any CPU.ActiveCfg = Debug|Any CPU
		{a1a50a01-5c85-7291-f020-0fd15c7a7a90}.Debug|Any CPU.Build.0 = Debug|Any CPU
	EndGlobalSection
	GlobalSection(SolutionProperties) = preSolution
		HideSolutionNode = FALSE
	EndGlobalSection
EndGlobal
